
Microsoft Visual Studio Solution File, Format Version 12.00
# Visual Studio Version 17
VisualStudioVersion = 17.1.32210.238
MinimumVisualStudioVersion = 10.0.40219.1
Project("{F2A71F9B-5D33-465A-A702-920D77279786}") = "CogPresence", "CogPresence.fsproj", "{6E959D40-3886-40B9-A833-1A6D99003711}"
EndProject
Global
	GlobalSection(SolutionConfigurationPlatforms) = preSolution
		Debug|Any CPU = Debug|Any CPU
		Release|Any CPU = Release|Any CPU
	EndGlobalSection
	GlobalSection(ProjectConfigurationPlatforms) = postSolution
		{6E959D40-3886-40B9-A833-1A6D99003711}.Debug|Any CPU.ActiveCfg = Debug|Any CPU
		{6E959D40-3886-40B9-A833-1A6D99003711}.Debug|Any CPU.Build.0 = Debug|Any CPU
		{6E959D40-3886-40B9-A833-1A6D99003711}.Release|Any CPU.ActiveCfg = Release|Any CPU
		{6E959D40-3886-40B9-A833-1A6D99003711}.Release|Any CPU.Build.0 = Release|Any CPU
	EndGlobalSection
	GlobalSection(SolutionProperties) = preSolution
		HideSolutionNode = FALSE
	EndGlobalSection
	GlobalSection(ExtensibilityGlobals) = postSolution
		SolutionGuid = {3B66F2F8-1C27-4EBA-863A-BA19C6304B14}
	EndGlobalSection
EndGlobal
